
Microsoft Visual Studio Solution File, Format Version 12.00
# Visual Studio Version 16
VisualStudioVersion = 16.0.29306.81
MinimumVisualStudioVersion = 10.0.40219.1
Project("{9A19103F-16F7-4668-BE54-9A1E7A4F7556}") = "Arrays1", "Arrays1\Arrays1.csproj", "{0A9E6600-059D-4762-B501-2BC54172FC40}"
EndProject
Project("{FAE04EC0-301F-11D3-BF4B-00C04F79EFBC}") = "Arrays2", "Arrays2\Arrays2.csproj", "{5A96D9F2-A70F-42D0-BD05-B79120A1A5CD}"
EndProject
Global
	GlobalSection(SolutionConfigurationPlatforms) = preSolution
		Debug|Any CPU = Debug|Any CPU
		Release|Any CPU = Release|Any CPU
	EndGlobalSection
	GlobalSection(ProjectConfigurationPlatforms) = postSolution
		{0A9E6600-059D-4762-B501-2BC54172FC40}.Debug|Any CPU.ActiveCfg = Debug|Any CPU
		{0A9E6600-059D-4762-B501-2BC54172FC40}.Debug|Any CPU.Build.0 = Debug|Any CPU
		{0A9E6600-059D-4762-B501-2BC54172FC40}.Release|Any CPU.ActiveCfg = Release|Any CPU
		{0A9E6600-059D-4762-B501-2BC54172FC40}.Release|Any CPU.Build.0 = Release|Any CPU
		{5A96D9F2-A70F-42D0-BD05-B79120A1A5CD}.Debug|Any CPU.ActiveCfg = Debug|Any CPU
		{5A96D9F2-A70F-42D0-BD05-B79120A1A5CD}.Debug|Any CPU.Build.0 = Debug|Any CPU
		{5A96D9F2-A70F-42D0-BD05-B79120A1A5CD}.Release|Any CPU.ActiveCfg = Release|Any CPU
		{5A96D9F2-A70F-42D0-BD05-B79120A1A5CD}.Release|Any CPU.Build.0 = Release|Any CPU
	EndGlobalSection
	GlobalSection(SolutionProperties) = preSolution
		HideSolutionNode = FALSE
	EndGlobalSection
	GlobalSection(ExtensibilityGlobals) = postSolution
		SolutionGuid = {D0C0B9D8-F08A-46E6-ACCF-825DE91BA3B1}
	EndGlobalSection
EndGlobal
